// !$*UTF8*$!
{
	archiveVersion = 1;
	classes = {
	};
	objectVersion = 46;
	objects = {

/* Begin PBXBuildFile section */
		251FDF9D1DB3736300BDDA4E /* main.m in Sources */ = {isa = PBXBuildFile; fileRef = 251FDF9C1DB3736300BDDA4E /* main.m */; };
		251FDFA01DB3736300BDDA4E /* AppDelegate.m in Sources */ = {isa = PBXBuildFile; fileRef = 251FDF9F1DB3736300BDDA4E /* AppDelegate.m */; };
		251FDFA61DB3736300BDDA4E /* Main.storyboard in Resources */ = {isa = PBXBuildFile; fileRef = 251FDFA41DB3736300BDDA4E /* Main.storyboard */; };
		251FDFA81DB3736300BDDA4E /* Assets.xcassets in Resources */ = {isa = PBXBuildFile; fileRef = 251FDFA71DB3736300BDDA4E /* Assets.xcassets */; };
		251FDFAB1DB3736300BDDA4E /* LaunchScreen.storyboard in Resources */ = {isa = PBXBuildFile; fileRef = 251FDFA91DB3736300BDDA4E /* LaunchScreen.storyboard */; };
		251FDFB41DB3745800BDDA4E /* TTMainViewController.m in Sources */ = {isa = PBXBuildFile; fileRef = 251FDFB31DB3745800BDDA4E /* TTMainViewController.m */; };
		251FDFB71DB3746A00BDDA4E /* TTDetailViewController.m in Sources */ = {isa = PBXBuildFile; fileRef = 251FDFB61DB3746A00BDDA4E /* TTDetailViewController.m */; };
		251FDFBB1DB3772F00BDDA4E /* PhotoItem.m in Sources */ = {isa = PBXBuildFile; fileRef = 251FDFBA1DB3772F00BDDA4E /* PhotoItem.m */; };
		251FDFBF1DB377A000BDDA4E /* TTCollectionViewCell.m in Sources */ = {isa = PBXBuildFile; fileRef = 251FDFBE1DB377A000BDDA4E /* TTCollectionViewCell.m */; };
		251FDFC31DB3783500BDDA4E /* JSONParser.m in Sources */ = {isa = PBXBuildFile; fileRef = 251FDFC21DB3783500BDDA4E /* JSONParser.m */; };
		251FDFC61DB3786900BDDA4E /* DownloadManager.m in Sources */ = {isa = PBXBuildFile; fileRef = 251FDFC51DB3786900BDDA4E /* DownloadManager.m */; };
		251FDFC91DB387A700BDDA4E /* Reachability.m in Sources */ = {isa = PBXBuildFile; fileRef = 251FDFC81DB387A700BDDA4E /* Reachability.m */; };
/* End PBXBuildFile section */

/* Begin PBXFileReference section */
		251FDF981DB3736300BDDA4E /* TestTask.app */ = {isa = PBXFileReference; explicitFileType = wrapper.application; includeInIndex = 0; path = TestTask.app; sourceTree = BUILT_PRODUCTS_DIR; };
		251FDF9C1DB3736300BDDA4E /* main.m */ = {isa = PBXFileReference; lastKnownFileType = sourcecode.c.objc; path = main.m; sourceTree = "<group>"; };
		251FDF9E1DB3736300BDDA4E /* AppDelegate.h */ = {isa = PBXFileReference; lastKnownFileType = sourcecode.c.h; path = AppDelegate.h; sourceTree = "<group>"; };
		251FDF9F1DB3736300BDDA4E /* AppDelegate.m */ = {isa = PBXFileReference; lastKnownFileType = sourcecode.c.objc; path = AppDelegate.m; sourceTree = "<group>"; };
		251FDFA51DB3736300BDDA4E /* Base */ = {isa = PBXFileReference; lastKnownFileType = file.storyboard; name = Base; path = Base.lproj/Main.storyboard; sourceTree = "<group>"; };
		251FDFA71DB3736300BDDA4E /* Assets.xcassets */ = {isa = PBXFileReference; lastKnownFileType = folder.assetcatalog; path = Assets.xcassets; sourceTree = "<group>"; };
		251FDFAA1DB3736300BDDA4E /* Base */ = {isa = PBXFileReference; lastKnownFileType = file.storyboard; name = Base; path = Base.lproj/LaunchScreen.storyboard; sourceTree = "<group>"; };
		251FDFAC1DB3736300BDDA4E /* Info.plist */ = {isa = PBXFileReference; lastKnownFileType = text.plist.xml; path = Info.plist; sourceTree = "<group>"; };
		251FDFB21DB3745800BDDA4E /* TTMainViewController.h */ = {isa = PBXFileReference; fileEncoding = 4; lastKnownFileType = sourcecode.c.h; path = TTMainViewController.h; sourceTree = "<group>"; };
		251FDFB31DB3745800BDDA4E /* TTMainViewController.m */ = {isa = PBXFileReference; fileEncoding = 4; lastKnownFileType = sourcecode.c.objc; path = TTMainViewController.m; sourceTree = "<group>"; };
		251FDFB51DB3746A00BDDA4E /* TTDetailViewController.h */ = {isa = PBXFileReference; fileEncoding = 4; lastKnownFileType = sourcecode.c.h; path = TTDetailViewController.h; sourceTree = "<group>"; };
		251FDFB61DB3746A00BDDA4E /* TTDetailViewController.m */ = {isa = PBXFileReference; fileEncoding = 4; lastKnownFileType = sourcecode.c.objc; path = TTDetailViewController.m; sourceTree = "<group>"; };
		251FDFB91DB3772F00BDDA4E /* PhotoItem.h */ = {isa = PBXFileReference; fileEncoding = 4; lastKnownFileType = sourcecode.c.h; path = PhotoItem.h; sourceTree = "<group>"; };
		251FDFBA1DB3772F00BDDA4E /* PhotoItem.m */ = {isa = PBXFileReference; fileEncoding = 4; lastKnownFileType = sourcecode.c.objc; path = PhotoItem.m; sourceTree = "<group>"; };
		251FDFBD1DB377A000BDDA4E /* TTCollectionViewCell.h */ = {isa = PBXFileReference; fileEncoding = 4; lastKnownFileType = sourcecode.c.h; path = TTCollectionViewCell.h; sourceTree = "<group>"; };
		251FDFBE1DB377A000BDDA4E /* TTCollectionViewCell.m */ = {isa = PBXFileReference; fileEncoding = 4; lastKnownFileType = sourcecode.c.objc; path = TTCollectionViewCell.m; sourceTree = "<group>"; };
		251FDFC11DB3783500BDDA4E /* JSONParser.h */ = {isa = PBXFileReference; fileEncoding = 4; lastKnownFileType = sourcecode.c.h; path = JSONParser.h; sourceTree = "<group>"; };
		251FDFC21DB3783500BDDA4E /* JSONParser.m */ = {isa = PBXFileReference; fileEncoding = 4; lastKnownFileType = sourcecode.c.objc; path = JSONParser.m; sourceTree = "<group>"; };
		251FDFC41DB3786900BDDA4E /* DownloadManager.h */ = {isa = PBXFileReference; fileEncoding = 4; lastKnownFileType = sourcecode.c.h; path = DownloadManager.h; sourceTree = "<group>"; };
		251FDFC51DB3786900BDDA4E /* DownloadManager.m */ = {isa = PBXFileReference; fileEncoding = 4; lastKnownFileType = sourcecode.c.objc; path = DownloadManager.m; sourceTree = "<group>"; };
		251FDFC71DB387A700BDDA4E /* Reachability.h */ = {isa = PBXFileReference; fileEncoding = 4; lastKnownFileType = sourcecode.c.h; path = Reachability.h; sourceTree = "<group>"; };
		251FDFC81DB387A700BDDA4E /* Reachability.m */ = {isa = PBXFileReference; fileEncoding = 4; lastKnownFileType = sourcecode.c.objc; path = Reachability.m; sourceTree = "<group>"; };
/* End PBXFileReference section */

/* Begin PBXFrameworksBuildPhase section */
		251FDF951DB3736300BDDA4E /* Frameworks */ = {
			isa = PBXFrameworksBuildPhase;
			buildActionMask = 2147483647;
			files = (
			);
			runOnlyForDeploymentPostprocessing = 0;
		};
/* End PBXFrameworksBuildPhase section */

/* Begin PBXGroup section */
		251FDF8F1DB3736300BDDA4E = {
			isa = PBXGroup;
			children = (
				251FDFCA1DB3884200BDDA4E /* Vendor */,
				251FDFC01DB3780800BDDA4E /* Helper/Manager */,
				251FDFBC1DB3777500BDDA4E /* Views */,
				251FDFB81DB3770D00BDDA4E /* Model */,
				251FDFB51DB3746A00BDDA4E /* TTDetailViewController.h */,
				251FDFB61DB3746A00BDDA4E /* TTDetailViewController.m */,
				251FDFB21DB3745800BDDA4E /* TTMainViewController.h */,
				251FDFB31DB3745800BDDA4E /* TTMainViewController.m */,
				251FDF9A1DB3736300BDDA4E /* TestTask */,
				251FDF991DB3736300BDDA4E /* Products */,
			);
			sourceTree = "<group>";
		};
		251FDF991DB3736300BDDA4E /* Products */ = {
			isa = PBXGroup;
			children = (
				251FDF981DB3736300BDDA4E /* TestTask.app */,
			);
			name = Products;
			sourceTree = "<group>";
		};
		251FDF9A1DB3736300BDDA4E /* TestTask */ = {
			isa = PBXGroup;
			children = (
				251FDF9E1DB3736300BDDA4E /* AppDelegate.h */,
				251FDF9F1DB3736300BDDA4E /* AppDelegate.m */,
				251FDFA41DB3736300BDDA4E /* Main.storyboard */,
				251FDFA71DB3736300BDDA4E /* Assets.xcassets */,
				251FDFA91DB3736300BDDA4E /* LaunchScreen.storyboard */,
				251FDFAC1DB3736300BDDA4E /* Info.plist */,
				251FDF9B1DB3736300BDDA4E /* Supporting Files */,
			);
			path = TestTask;
			sourceTree = "<group>";
		};
		251FDF9B1DB3736300BDDA4E /* Supporting Files */ = {
			isa = PBXGroup;
			children = (
				251FDF9C1DB3736300BDDA4E /* main.m */,
			);
			name = "Supporting Files";
			sourceTree = "<group>";
		};
		251FDFB81DB3770D00BDDA4E /* Model */ = {
			isa = PBXGroup;
			children = (
				251FDFB91DB3772F00BDDA4E /* PhotoItem.h */,
				251FDFBA1DB3772F00BDDA4E /* PhotoItem.m */,
			);
			name = Model;
			sourceTree = "<group>";
		};
		251FDFBC1DB3777500BDDA4E /* Views */ = {
			isa = PBXGroup;
			children = (
				251FDFBD1DB377A000BDDA4E /* TTCollectionViewCell.h */,
				251FDFBE1DB377A000BDDA4E /* TTCollectionViewCell.m */,
			);
			name = Views;
			sourceTree = "<group>";
		};
		251FDFC01DB3780800BDDA4E /* Helper/Manager */ = {
			isa = PBXGroup;
			children = (
				251FDFC11DB3783500BDDA4E /* JSONParser.h */,
				251FDFC21DB3783500BDDA4E /* JSONParser.m */,
				251FDFC41DB3786900BDDA4E /* DownloadManager.h */,
				251FDFC51DB3786900BDDA4E /* DownloadManager.m */,
			);
			name = Helper/Manager;
			sourceTree = "<group>";
		};
		251FDFCA1DB3884200BDDA4E /* Vendor */ = {
			isa = PBXGroup;
			children = (
				251FDFC71DB387A700BDDA4E /* Reachability.h */,
				251FDFC81DB387A700BDDA4E /* Reachability.m */,
			);
			name = Vendor;
			sourceTree = "<group>";
		};
/* End PBXGroup section */

/* Begin PBXNativeTarget section */
		251FDF971DB3736300BDDA4E /* TestTask */ = {
			isa = PBXNativeTarget;
			buildConfigurationList = 251FDFAF1DB3736300BDDA4E /* Build configuration list for PBXNativeTarget "TestTask" */;
			buildPhases = (
				251FDF941DB3736300BDDA4E /* Sources */,
				251FDF951DB3736300BDDA4E /* Frameworks */,
				251FDF961DB3736300BDDA4E /* Resources */,
			);
			buildRules = (
			);
			dependencies = (
			);
			name = TestTask;
			productName = TestTask;
			productReference = 251FDF981DB3736300BDDA4E /* TestTask.app */;
			productType = "com.apple.product-type.application";
		};
/* End PBXNativeTarget section */

/* Begin PBXProject section */
		251FDF901DB3736300BDDA4E /* Project object */ = {
			isa = PBXProject;
			attributes = {
				LastUpgradeCheck = 0800;
				ORGANIZATIONNAME = "Kasim Asyukov";
				TargetAttributes = {
					251FDF971DB3736300BDDA4E = {
						CreatedOnToolsVersion = 8.0;
						DevelopmentTeam = DXH9VJ7EPF;
						ProvisioningStyle = Automatic;
					};
				};
			};
			buildConfigurationList = 251FDF931DB3736300BDDA4E /* Build configuration list for PBXProject "TestTask" */;
			compatibilityVersion = "Xcode 3.2";
			developmentRegion = English;
			hasScannedForEncodings = 0;
			knownRegions = (
				en,
				Base,
			);
			mainGroup = 251FDF8F1DB3736300BDDA4E;
			productRefGroup = 251FDF991DB3736300BDDA4E /* Products */;
			projectDirPath = "";
			projectRoot = "";
			targets = (
				251FDF971DB3736300BDDA4E /* TestTask */,
			);
		};
/* End PBXProject section */

/* Begin PBXResourcesBuildPhase section */
		251FDF961DB3736300BDDA4E /* Resources */ = {
			isa = PBXResourcesBuildPhase;
			buildActionMask = 2147483647;
			files = (
				251FDFAB1DB3736300BDDA4E /* LaunchScreen.storyboard in Resources */,
				251FDFA81DB3736300BDDA4E /* Assets.xcassets in Resources */,
				251FDFA61DB3736300BDDA4E /* Main.storyboard in Resources */,
			);
			runOnlyForDeploymentPostprocessing = 0;
		};
/* End PBXResourcesBuildPhase section */

/* Begin PBXSourcesBuildPhase section */
		251FDF941DB3736300BDDA4E /* Sources */ = {
			isa = PBXSourcesBuildPhase;
			buildActionMask = 2147483647;
			files = (
				251FDFC31DB3783500BDDA4E /* JSONParser.m in Sources */,
				251FDFBF1DB377A000BDDA4E /* TTCollectionViewCell.m in Sources */,
				251FDFA01DB3736300BDDA4E /* AppDelegate.m in Sources */,
				251FDFBB1DB3772F00BDDA4E /* PhotoItem.m in Sources */,
				251FDFB71DB3746A00BDDA4E /* TTDetailViewController.m in Sources */,
				251FDFB41DB3745800BDDA4E /* TTMainViewController.m in Sources */,
				251FDF9D1DB3736300BDDA4E /* main.m in Sources */,
				251FDFC91DB387A700BDDA4E /* Reachability.m in Sources */,
				251FDFC61DB3786900BDDA4E /* DownloadManager.m in Sources */,
			);
			runOnlyForDeploymentPostprocessing = 0;
		};
/* End PBXSourcesBuildPhase section */

/* Begin PBXVariantGroup section */
		251FDFA41DB3736300BDDA4E /* Main.storyboard */ = {
			isa = PBXVariantGroup;
			children = (
				251FDFA51DB3736300BDDA4E /* Base */,
			);
			name = Main.storyboard;
			sourceTree = "<group>";
		};
		251FDFA91DB3736300BDDA4E /* LaunchScreen.storyboard */ = {
			isa = PBXVariantGroup;
			children = (
				251FDFAA1DB3736300BDDA4E /* Base */,
			);
			name = LaunchScreen.storyboard;
			sourceTree = "<group>";
		};
/* End PBXVariantGroup section */

/* Begin XCBuildConfiguration section */
		251FDFAD1DB3736300BDDA4E /* Debug */ = {
			isa = XCBuildConfiguration;
			buildSettings = {
				ALWAYS_SEARCH_USER_PATHS = NO;
				CLANG_ANALYZER_NONNULL = YES;
				CLANG_CXX_LANGUAGE_STANDARD = "gnu++0x";
				CLANG_CXX_LIBRARY = "libc++";
				CLANG_ENABLE_MODULES = YES;
				CLANG_ENABLE_OBJC_ARC = YES;
				CLANG_WARN_BOOL_CONVERSION = YES;
				CLANG_WARN_CONSTANT_CONVERSION = YES;
				CLANG_WARN_DIRECT_OBJC_ISA_USAGE = YES_ERROR;
				CLANG_WARN_DOCUMENTATION_COMMENTS = YES;
				CLANG_WARN_EMPTY_BODY = YES;
				CLANG_WARN_ENUM_CONVERSION = YES;
				CLANG_WARN_INFINITE_RECURSION = YES;
				CLANG_WARN_INT_CONVERSION = YES;
				CLANG_WARN_OBJC_ROOT_CLASS = YES_ERROR;
				CLANG_WARN_SUSPICIOUS_MOVES = YES;
				CLANG_WARN_UNREACHABLE_CODE = YES;
				CLANG_WARN__DUPLICATE_METHOD_MATCH = YES;
				"CODE_SIGN_IDENTITY[sdk=iphoneos*]" = "iPhone Developer";
				COPY_PHASE_STRIP = NO;
				DEBUG_INFORMATION_FORMAT = dwarf;
				ENABLE_STRICT_OBJC_MSGSEND = YES;
				ENABLE_TESTABILITY = YES;
				GCC_C_LANGUAGE_STANDARD = gnu99;
				GCC_DYNAMIC_NO_PIC = NO;
				GCC_NO_COMMON_BLOCKS = YES;
				GCC_OPTIMIZATION_LEVEL = 0;
				GCC_PREPROCESSOR_DEFINITIONS = (
					"DEBUG=1",
					"$(inherited)",
				);
				GCC_WARN_64_TO_32_BIT_CONVERSION = YES;
				GCC_WARN_ABOUT_RETURN_TYPE = YES_ERROR;
				GCC_WARN_UNDECLARED_SELECTOR = YES;
				GCC_WARN_UNINITIALIZED_AUTOS = YES_AGGRESSIVE;
				GCC_WARN_UNUSED_FUNCTION = YES;
				GCC_WARN_UNUSED_VARIABLE = YES;
				IPHONEOS_DEPLOYMENT_TARGET = 10.0;
				MTL_ENABLE_DEBUG_INFO = YES;
				ONLY_ACTIVE_ARCH = YES;
				SDKROOT = iphoneos;
				TARGETED_DEVICE_FAMILY = "1,2";
			};
			name = Debug;
		};
		251FDFAE1DB3736300BDDA4E /* Release */ = {
			isa = XCBuildConfiguration;
			buildSettings = {
				ALWAYS_SEARCH_USER_PATHS = NO;
				CLANG_ANALYZER_NONNULL = YES;
				CLANG_CXX_LANGUAGE_STANDARD = "gnu++0x";
				CLANG_CXX_LIBRARY = "libc++";
				CLANG_ENABLE_MODULES = YES;
				CLANG_ENABLE_OBJC_ARC = YES;
				CLANG_WARN_BOOL_CONVERSION = YES;
				CLANG_WARN_CONSTANT_CONVERSION = YES;
				CLANG_WARN_DIRECT_OBJC_ISA_USAGE = YES_ERROR;
				CLANG_WARN_DOCUMENTATION_COMMENTS = YES;
				CLANG_WARN_EMPTY_BODY = YES;
				CLANG_WARN_ENUM_CONVERSION = YES;
				CLANG_WARN_INFINITE_RECURSION = YES;
				CLANG_WARN_INT_CONVERSION = YES;
				CLANG_WARN_OBJC_ROOT_CLASS = YES_ERROR;
				CLANG_WARN_SUSPICIOUS_MOVES = YES;
				CLANG_WARN_UNREACHABLE_CODE = YES;
				CLANG_WARN__DUPLICATE_METHOD_MATCH = YES;
				"CODE_SIGN_IDENTITY[sdk=iphoneos*]" = "iPhone Developer";
				COPY_PHASE_STRIP = NO;
				DEBUG_INFORMATION_FORMAT = "dwarf-with-dsym";
				ENABLE_NS_ASSERTIONS = NO;
				ENABLE_STRICT_OBJC_MSGSEND = YES;
				GCC_C_LANGUAGE_STANDARD = gnu99;
				GCC_NO_COMMON_BLOCKS = YES;
				GCC_WARN_64_TO_32_BIT_CONVERSION = YES;
				GCC_WARN_ABOUT_RETURN_TYPE = YES_ERROR;
				GCC_WARN_UNDECLARED_SELECTOR = YES;
				GCC_WARN_UNINITIALIZED_AUTOS = YES_AGGRESSIVE;
				GCC_WARN_UNUSED_FUNCTION = YES;
				GCC_WARN_UNUSED_VARIABLE = YES;
				IPHONEOS_DEPLOYMENT_TARGET = 10.0;
				MTL_ENABLE_DEBUG_INFO = NO;
				SDKROOT = iphoneos;
				TARGETED_DEVICE_FAMILY = "1,2";
				VALIDATE_PRODUCT = YES;
			};
			name = Release;
		};
		251FDFB01DB3736300BDDA4E /* Debug */ = {
			isa = XCBuildConfiguration;
			buildSettings = {
				ASSETCATALOG_COMPILER_APPICON_NAME = AppIcon;
				DEVELOPMENT_TEAM = DXH9VJ7EPF;
				INFOPLIST_FILE = TestTask/Info.plist;
				LD_RUNPATH_SEARCH_PATHS = "$(inherited) @executable_path/Frameworks";
				PRODUCT_BUNDLE_IDENTIFIER = regulask.TestTask;
				PRODUCT_NAME = "$(TARGET_NAME)";
			};
			name = Debug;
		};
		251FDFB11DB3736300BDDA4E /* Release */ = {
			isa = XCBuildConfiguration;
			buildSettings = {
				ASSETCATALOG_COMPILER_APPICON_NAME = AppIcon;
				DEVELOPMENT_TEAM = DXH9VJ7EPF;
				INFOPLIST_FILE = TestTask/Info.plist;
				LD_RUNPATH_SEARCH_PATHS = "$(inherited) @executable_path/Frameworks";
				PRODUCT_BUNDLE_IDENTIFIER = regulask.TestTask;
				PRODUCT_NAME = "$(TARGET_NAME)";
			};
			name = Release;
		};
/* End XCBuildConfiguration section */

/* Begin XCConfigurationList section */
		251FDF931DB3736300BDDA4E /* Build configuration list for PBXProject "TestTask" */ = {
			isa = XCConfigurationList;
			buildConfigurations = (
				251FDFAD1DB3736300BDDA4E /* Debug */,
				251FDFAE1DB3736300BDDA4E /* Release */,
			);
			defaultConfigurationIsVisible = 0;
			defaultConfigurationName = Release;
		};
		251FDFAF1DB3736300BDDA4E /* Build configuration list for PBXNativeTarget "TestTask" */ = {
			isa = XCConfigurationList;
			buildConfigurations = (
				251FDFB01DB3736300BDDA4E /* Debug */,
				251FDFB11DB3736300BDDA4E /* Release */,
			);
			defaultConfigurationIsVisible = 0;
		};
/* End XCConfigurationList section */
	};
	rootObject = 251FDF901DB3736300BDDA4E /* Project object */;
}
